
Microsoft Visual Studio Solution File, Format Version 12.00
# Visual Studio Version 17
VisualStudioVersion = 17.5.002.0
MinimumVisualStudioVersion = 10.0.40219.1
Project("{9A19103F-16F7-4668-BE54-9A1E7A4F7556}") = "Non-coop.Multithread", "Non-coop.Multithread\Non-coop.Multithread.csproj", "{8BA1CE58-9278-4F2C-A74A-134754501FA7}"
EndProject
Project("{FAE04EC0-301F-11D3-BF4B-00C04F79EFBC}") = "ProducerConsumer.Sync", "ProducerConsumer.Sync\ProducerConsumer.Sync.csproj", "{3762E889-6834-48BE-BF0B-43FBD40933FA}"
EndProject
Project("{FAE04EC0-301F-11D3-BF4B-00C04F79EFBC}") = "Simple_parallel.tasks", "Simple_parallel.tasks\Simple_parallel.tasks.csproj", "{C4EF1B8A-6D6C-49D7-AF38-00F0F9910DEE}"
EndProject
Project("{FAE04EC0-301F-11D3-BF4B-00C04F79EFBC}") = "Futures.continuations.Server", "Futures.continuations.Server\Futures.continuations.Server.csproj", "{61CFD21D-301D-4080-BF21-57F14D56A734}"
EndProject
Project("{FAE04EC0-301F-11D3-BF4B-00C04F79EFBC}") = "Futures.continuations.Client", "Futures.continuations.Client\Futures.continuations.Client.csproj", "{813B05FE-BF21-42E4-9D56-87A5324BC0FC}"
EndProject
Project("{FAE04EC0-301F-11D3-BF4B-00C04F79EFBC}") = "Parallelizing_techniques", "Parallelizing_techniques\Parallelizing_techniques.csproj", "{A9030848-BE5C-4C81-A4F2-6F6BB1C5AD4B}"
EndProject
Project("{FAE04EC0-301F-11D3-BF4B-00C04F79EFBC}") = "Parallelizing_techniques_hamiltonian", "Parallelizing_techniques_hamiltonian\Parallelizing_techniques_hamiltonian.csproj", "{2D26874E-47F4-40E4-8555-384C1322E576}"
EndProject
Project("{FAE04EC0-301F-11D3-BF4B-00C04F79EFBC}") = "Final_project", "Final_project\Final_project.csproj", "{C3EF9FA3-4A0C-420C-A96C-958DB14CE079}"
EndProject
Global
	GlobalSection(SolutionConfigurationPlatforms) = preSolution
		Debug|Any CPU = Debug|Any CPU
		Release|Any CPU = Release|Any CPU
	EndGlobalSection
	GlobalSection(ProjectConfigurationPlatforms) = postSolution
		{8BA1CE58-9278-4F2C-A74A-134754501FA7}.Debug|Any CPU.ActiveCfg = Debug|Any CPU
		{8BA1CE58-9278-4F2C-A74A-134754501FA7}.Debug|Any CPU.Build.0 = Debug|Any CPU
		{8BA1CE58-9278-4F2C-A74A-134754501FA7}.Release|Any CPU.ActiveCfg = Release|Any CPU
		{8BA1CE58-9278-4F2C-A74A-134754501FA7}.Release|Any CPU.Build.0 = Release|Any CPU
		{3762E889-6834-48BE-BF0B-43FBD40933FA}.Debug|Any CPU.ActiveCfg = Debug|Any CPU
		{3762E889-6834-48BE-BF0B-43FBD40933FA}.Debug|Any CPU.Build.0 = Debug|Any CPU
		{3762E889-6834-48BE-BF0B-43FBD40933FA}.Release|Any CPU.ActiveCfg = Release|Any CPU
		{3762E889-6834-48BE-BF0B-43FBD40933FA}.Release|Any CPU.Build.0 = Release|Any CPU
		{A316181C-3EE8-4A85-A696-DD60E7537DFA}.Debug|Any CPU.ActiveCfg = Debug|Any CPU
		{A316181C-3EE8-4A85-A696-DD60E7537DFA}.Debug|Any CPU.Build.0 = Debug|Any CPU
		{A316181C-3EE8-4A85-A696-DD60E7537DFA}.Release|Any CPU.ActiveCfg = Release|Any CPU
		{A316181C-3EE8-4A85-A696-DD60E7537DFA}.Release|Any CPU.Build.0 = Release|Any CPU
		{C4EF1B8A-6D6C-49D7-AF38-00F0F9910DEE}.Debug|Any CPU.ActiveCfg = Debug|Any CPU
		{C4EF1B8A-6D6C-49D7-AF38-00F0F9910DEE}.Debug|Any CPU.Build.0 = Debug|Any CPU
		{C4EF1B8A-6D6C-49D7-AF38-00F0F9910DEE}.Release|Any CPU.ActiveCfg = Release|Any CPU
		{C4EF1B8A-6D6C-49D7-AF38-00F0F9910DEE}.Release|Any CPU.Build.0 = Release|Any CPU
		{8C8A70C3-3D37-41A3-A0B6-A1D6D3B62BB9}.Debug|Any CPU.ActiveCfg = Debug|Any CPU
		{8C8A70C3-3D37-41A3-A0B6-A1D6D3B62BB9}.Debug|Any CPU.Build.0 = Debug|Any CPU
		{8C8A70C3-3D37-41A3-A0B6-A1D6D3B62BB9}.Release|Any CPU.ActiveCfg = Release|Any CPU
		{8C8A70C3-3D37-41A3-A0B6-A1D6D3B62BB9}.Release|Any CPU.Build.0 = Release|Any CPU
		{61CFD21D-301D-4080-BF21-57F14D56A734}.Debug|Any CPU.ActiveCfg = Debug|Any CPU
		{61CFD21D-301D-4080-BF21-57F14D56A734}.Debug|Any CPU.Build.0 = Debug|Any CPU
		{61CFD21D-301D-4080-BF21-57F14D56A734}.Release|Any CPU.ActiveCfg = Release|Any CPU
		{61CFD21D-301D-4080-BF21-57F14D56A734}.Release|Any CPU.Build.0 = Release|Any CPU
		{813B05FE-BF21-42E4-9D56-87A5324BC0FC}.Debug|Any CPU.ActiveCfg = Debug|Any CPU
		{813B05FE-BF21-42E4-9D56-87A5324BC0FC}.Debug|Any CPU.Build.0 = Debug|Any CPU
		{813B05FE-BF21-42E4-9D56-87A5324BC0FC}.Release|Any CPU.ActiveCfg = Release|Any CPU
		{813B05FE-BF21-42E4-9D56-87A5324BC0FC}.Release|Any CPU.Build.0 = Release|Any CPU
		{A9030848-BE5C-4C81-A4F2-6F6BB1C5AD4B}.Debug|Any CPU.ActiveCfg = Debug|Any CPU
		{A9030848-BE5C-4C81-A4F2-6F6BB1C5AD4B}.Debug|Any CPU.Build.0 = Debug|Any CPU
		{A9030848-BE5C-4C81-A4F2-6F6BB1C5AD4B}.Release|Any CPU.ActiveCfg = Release|Any CPU
		{A9030848-BE5C-4C81-A4F2-6F6BB1C5AD4B}.Release|Any CPU.Build.0 = Release|Any CPU
		{2D26874E-47F4-40E4-8555-384C1322E576}.Debug|Any CPU.ActiveCfg = Debug|Any CPU
		{2D26874E-47F4-40E4-8555-384C1322E576}.Debug|Any CPU.Build.0 = Debug|Any CPU
		{2D26874E-47F4-40E4-8555-384C1322E576}.Release|Any CPU.ActiveCfg = Release|Any CPU
		{2D26874E-47F4-40E4-8555-384C1322E576}.Release|Any CPU.Build.0 = Release|Any CPU
		{C3EF9FA3-4A0C-420C-A96C-958DB14CE079}.Debug|Any CPU.ActiveCfg = Debug|Any CPU
		{C3EF9FA3-4A0C-420C-A96C-958DB14CE079}.Debug|Any CPU.Build.0 = Debug|Any CPU
		{C3EF9FA3-4A0C-420C-A96C-958DB14CE079}.Release|Any CPU.ActiveCfg = Release|Any CPU
		{C3EF9FA3-4A0C-420C-A96C-958DB14CE079}.Release|Any CPU.Build.0 = Release|Any CPU
	EndGlobalSection
	GlobalSection(SolutionProperties) = preSolution
		HideSolutionNode = FALSE
	EndGlobalSection
	GlobalSection(ExtensibilityGlobals) = postSolution
		SolutionGuid = {8761F93C-F697-4F5E-BF92-D1B153F838B6}
	EndGlobalSection
EndGlobal
